// !$*UTF8*$!
{
	archiveVersion = 1;
	classes = {
	};
	objectVersion = 47;
	objects = {

/* Begin PBXFileReference section */
		81406AC21BFB416F003E97B3 /* artis_mpi.ini */ = {isa = PBXFileReference; lastKnownFileType = text; path = artis_mpi.ini; sourceTree = "<group>"; };
		81406AC31BFB416F003E97B3 /* AUTHORS.TXT */ = {isa = PBXFileReference; lastKnownFileType = text; path = AUTHORS.TXT; sourceTree = "<group>"; };
		81406AC41BFB416F003E97B3 /* channels.txt */ = {isa = PBXFileReference; lastKnownFileType = text; path = channels.txt; sourceTree = "<group>"; };
		81406AC51BFB416F003E97B3 /* CITATION.TXT */ = {isa = PBXFileReference; lastKnownFileType = text; path = CITATION.TXT; sourceTree = "<group>"; };
		81406AC71BFB416F003E97B3 /* entity_definition.h */ = {isa = PBXFileReference; lastKnownFileType = sourcecode.c.h; path = entity_definition.h; sourceTree = "<group>"; };
		81406AC91BFB416F003E97B3 /* graph_overhead */ = {isa = PBXFileReference; lastKnownFileType = text.script.sh; path = graph_overhead; sourceTree = "<group>"; };
		81406ACA1BFB416F003E97B3 /* graph_overhead_coverage-adaptive.gp */ = {isa = PBXFileReference; lastKnownFileType = text; path = "graph_overhead_coverage-adaptive.gp"; sourceTree = "<group>"; };
		81406ACB1BFB416F003E97B3 /* graph_overhead_coverage.gp */ = {isa = PBXFileReference; lastKnownFileType = text; path = graph_overhead_coverage.gp; sourceTree = "<group>"; };
		81406ACC1BFB416F003E97B3 /* graph_overhead_coverage_ddf1.gp */ = {isa = PBXFileReference; lastKnownFileType = text; path = graph_overhead_coverage_ddf1.gp; sourceTree = "<group>"; };
		81406ACD1BFB416F003E97B3 /* graph_overhead_coverage_ddf2.gp */ = {isa = PBXFileReference; lastKnownFileType = text; path = graph_overhead_coverage_ddf2.gp; sourceTree = "<group>"; };
		81406ACE1BFB416F003E97B3 /* graph_overhead_coverage_degree_dependent.gp */ = {isa = PBXFileReference; lastKnownFileType = text; path = graph_overhead_coverage_degree_dependent.gp; sourceTree = "<group>"; };
		81406ACF1BFB416F003E97B3 /* graph_overhead_delay-adaptive.gp */ = {isa = PBXFileReference; lastKnownFileType = text; path = "graph_overhead_delay-adaptive.gp"; sourceTree = "<group>"; };
		81406AD01BFB416F003E97B3 /* graph_overhead_delay.gp */ = {isa = PBXFileReference; lastKnownFileType = text; path = graph_overhead_delay.gp; sourceTree = "<group>"; };
		81406AD11BFB416F003E97B3 /* graph_overhead_delay_ddf1.gp */ = {isa = PBXFileReference; lastKnownFileType = text; path = graph_overhead_delay_ddf1.gp; sourceTree = "<group>"; };
		81406AD21BFB416F003E97B3 /* graph_overhead_delay_ddf2.gp */ = {isa = PBXFileReference; lastKnownFileType = text; path = graph_overhead_delay_ddf2.gp; sourceTree = "<group>"; };
		81406AD31BFB416F003E97B3 /* graph_overhead_delay_degree_dependent.gp */ = {isa = PBXFileReference; lastKnownFileType = text; path = graph_overhead_delay_degree_dependent.gp; sourceTree = "<group>"; };
		81406AD41BFB416F003E97B3 /* graph_properties */ = {isa = PBXFileReference; lastKnownFileType = text.script.sh; path = graph_properties; sourceTree = "<group>"; };
		81406AD71BFB416F003E97B3 /* random_corpus-100_vertex-200_edges-diameter_8-100_graphs.tgz */ = {isa = PBXFileReference; lastKnownFileType = file; path = "random_corpus-100_vertex-200_edges-diameter_8-100_graphs.tgz"; sourceTree = "<group>"; };
		81406AD81BFB416F003E97B3 /* random_corpus-100_vertex-300_edges-diameter_6-100_graphs.tgz */ = {isa = PBXFileReference; lastKnownFileType = file; path = "random_corpus-100_vertex-300_edges-diameter_6-100_graphs.tgz"; sourceTree = "<group>"; };
		81406AD91BFB416F003E97B3 /* random_corpus-100_vertex-400_edges-diameter_5-100_graphs.tgz */ = {isa = PBXFileReference; lastKnownFileType = file; path = "random_corpus-100_vertex-400_edges-diameter_5-100_graphs.tgz"; sourceTree = "<group>"; };
		81406ADA1BFB416F003E97B3 /* random_corpus-100_vertex-500_edges-diameter_4-100_graphs.tgz */ = {isa = PBXFileReference; lastKnownFileType = file; path = "random_corpus-100_vertex-500_edges-diameter_4-100_graphs.tgz"; sourceTree = "<group>"; };
		81406ADC1BFB416F003E97B3 /* kregular_corpus-500_vertex-1000_edges-diameter_8-10_graphs.tgz */ = {isa = PBXFileReference; lastKnownFileType = file; path = "kregular_corpus-500_vertex-1000_edges-diameter_8-10_graphs.tgz"; sourceTree = "<group>"; };
		81406ADD1BFB416F003E97B3 /* kregular_corpus-500_vertex-1500_edges-diameter_6-10_graphs.tgz */ = {isa = PBXFileReference; lastKnownFileType = file; path = "kregular_corpus-500_vertex-1500_edges-diameter_6-10_graphs.tgz"; sourceTree = "<group>"; };
		81406ADE1BFB416F003E97B3 /* kregular_corpus-500_vertex-2000_edges-diameter_5-10_graphs.tgz */ = {isa = PBXFileReference; lastKnownFileType = file; path = "kregular_corpus-500_vertex-2000_edges-diameter_5-10_graphs.tgz"; sourceTree = "<group>"; };
		81406ADF1BFB416F003E97B3 /* random_corpus-500_vertex-1000_edges-diameter_12-10_graphs.tgz */ = {isa = PBXFileReference; lastKnownFileType = file; path = "random_corpus-500_vertex-1000_edges-diameter_12-10_graphs.tgz"; sourceTree = "<group>"; };
		81406AE01BFB416F003E97B3 /* random_corpus-500_vertex-1500_edges-diameter_7-10_graphs.tgz */ = {isa = PBXFileReference; lastKnownFileType = file; path = "random_corpus-500_vertex-1500_edges-diameter_7-10_graphs.tgz"; sourceTree = "<group>"; };
		81406AE11BFB416F003E97B3 /* random_corpus-500_vertex-2000_edges-diameter_6-10_graphs.tgz */ = {isa = PBXFileReference; lastKnownFileType = file; path = "random_corpus-500_vertex-2000_edges-diameter_6-10_graphs.tgz"; sourceTree = "<group>"; };
		81406AE21BFB416F003E97B3 /* random_corpus-500_vertex-2500_edges-diameter_5-10_graphs.tgz */ = {isa = PBXFileReference; lastKnownFileType = file; path = "random_corpus-500_vertex-2500_edges-diameter_5-10_graphs.tgz"; sourceTree = "<group>"; };
		81406AE31BFB416F003E97B3 /* scalefree_corpus-500_vertex-1494_edges-diameter_5-10_graphs.tgz */ = {isa = PBXFileReference; lastKnownFileType = file; path = "scalefree_corpus-500_vertex-1494_edges-diameter_5-10_graphs.tgz"; sourceTree = "<group>"; };
		81406AE41BFB416F003E97B3 /* scalefree_corpus-500_vertex-1990_edges-diameter_4-10_graphs.tgz */ = {isa = PBXFileReference; lastKnownFileType = file; path = "scalefree_corpus-500_vertex-1990_edges-diameter_4-10_graphs.tgz"; sourceTree = "<group>"; };
		81406AE51BFB416F003E97B3 /* scalefree_corpus-500_vertex-997_edges-diameter_7-10_graphs.tgz */ = {isa = PBXFileReference; lastKnownFileType = file; path = "scalefree_corpus-500_vertex-997_edges-diameter_7-10_graphs.tgz"; sourceTree = "<group>"; };
		81406AE61BFB416F003E97B3 /* smallworld_corpus-500_vertex-1000_edges-p_0_1-diameter_13-10_graphs.tgz */ = {isa = PBXFileReference; lastKnownFileType = file; path = "smallworld_corpus-500_vertex-1000_edges-p_0_1-diameter_13-10_graphs.tgz"; sourceTree = "<group>"; };
		81406AE71BFB416F003E97B3 /* smallworld_corpus-500_vertex-1500_edges-p_0_1-diameter_9-10_graphs.tgz */ = {isa = PBXFileReference; lastKnownFileType = file; path = "smallworld_corpus-500_vertex-1500_edges-p_0_1-diameter_9-10_graphs.tgz"; sourceTree = "<group>"; };
		81406AE81BFB416F003E97B3 /* smallworld_corpus-500_vertex-2000_edges-p_0_1-diameter_7-10_graphs.tgz */ = {isa = PBXFileReference; lastKnownFileType = file; path = "smallworld_corpus-500_vertex-2000_edges-p_0_1-diameter_7-10_graphs.tgz"; sourceTree = "<group>"; };
		81406AE91BFB416F003E97B3 /* get_coverage_next.c */ = {isa = PBXFileReference; lastKnownFileType = sourcecode.c.c; path = get_coverage_next.c; sourceTree = "<group>"; };
		81406AEA1BFB416F003E97B3 /* get_coverage_script */ = {isa = PBXFileReference; lastKnownFileType = text.script.sh; path = get_coverage_script; sourceTree = "<group>"; };
		81406AEB1BFB416F003E97B3 /* get_ids_next.c */ = {isa = PBXFileReference; lastKnownFileType = sourcecode.c.c; path = get_ids_next.c; sourceTree = "<group>"; };
		81406AEC1BFB416F003E97B3 /* graphgen.c */ = {isa = PBXFileReference; lastKnownFileType = sourcecode.c.c; path = graphgen.c; sourceTree = "<group>"; };
		81406AED1BFB416F003E97B3 /* INSTALLATION.TXT */ = {isa = PBXFileReference; lastKnownFileType = text; path = INSTALLATION.TXT; sourceTree = "<group>"; };
		81406AEF1BFB416F003E97B3 /* LICENSE.TXT */ = {isa = PBXFileReference; lastKnownFileType = text; path = LICENSE.TXT; sourceTree = "<group>"; };
		81406AF01BFB416F003E97B3 /* lunes_constants.h */ = {isa = PBXFileReference; lastKnownFileType = sourcecode.c.h; path = lunes_constants.h; sourceTree = "<group>"; };
		81406AF11BFB416F003E97B3 /* lunes.c */ = {isa = PBXFileReference; lastKnownFileType = sourcecode.c.c; path = lunes.c; sourceTree = "<group>"; };
		81406AF21BFB416F003E97B3 /* lunes.h */ = {isa = PBXFileReference; lastKnownFileType = sourcecode.c.h; path = lunes.h; sourceTree = "<group>"; };
		81406AF31BFB416F003E97B3 /* make-corpus */ = {isa = PBXFileReference; lastKnownFileType = text.script.sh; path = "make-corpus"; sourceTree = "<group>"; };
		81406AF41BFB416F003E97B3 /* Makefile */ = {isa = PBXFileReference; lastKnownFileType = sourcecode.make; path = Makefile; sourceTree = "<group>"; };
		81406AF51BFB416F003E97B3 /* mean.awk */ = {isa = PBXFileReference; lastKnownFileType = text; path = mean.awk; sourceTree = "<group>"; };
		81406AF61BFB416F003E97B3 /* mig-agents.c */ = {isa = PBXFileReference; lastKnownFileType = sourcecode.c.c; path = "mig-agents.c"; sourceTree = "<group>"; };
		81406AF71BFB416F003E97B3 /* mig-agents.ini */ = {isa = PBXFileReference; lastKnownFileType = text; path = "mig-agents.ini"; sourceTree = "<group>"; };
		81406AF81BFB416F003E97B3 /* msg_definition.h */ = {isa = PBXFileReference; lastKnownFileType = sourcecode.c.h; path = msg_definition.h; sourceTree = "<group>"; };
		81406AF91BFB416F003E97B3 /* Rand.seed */ = {isa = PBXFileReference; lastKnownFileType = text; path = Rand.seed; sourceTree = "<group>"; };
		81406AFA1BFB416F003E97B3 /* README.TXT */ = {isa = PBXFileReference; lastKnownFileType = text; path = README.TXT; sourceTree = "<group>"; };
		81406AFB1BFB416F003E97B3 /* run */ = {isa = PBXFileReference; lastKnownFileType = text.script.sh; path = run; sourceTree = "<group>"; };
		81406AFC1BFB416F003E97B3 /* run-corpus */ = {isa = PBXFileReference; lastKnownFileType = text.script.sh; path = "run-corpus"; sourceTree = "<group>"; };
		81406AFD1BFB416F003E97B3 /* scripts_configuration.sh */ = {isa = PBXFileReference; lastKnownFileType = text.script.sh; path = scripts_configuration.sh; sourceTree = "<group>"; };
		81406AFE1BFB416F003E97B3 /* sim-metrics-adaptive */ = {isa = PBXFileReference; lastKnownFileType = text.script.sh; path = "sim-metrics-adaptive"; sourceTree = "<group>"; };
		81406AFF1BFB416F003E97B3 /* sim-metrics-adaptive_sender-corpus */ = {isa = PBXFileReference; lastKnownFileType = text.script.sh; path = "sim-metrics-adaptive_sender-corpus"; sourceTree = "<group>"; };
		81406B001BFB416F003E97B3 /* sim-metrics-adaptive_specific-corpus */ = {isa = PBXFileReference; lastKnownFileType = text.script.sh; path = "sim-metrics-adaptive_specific-corpus"; sourceTree = "<group>"; };
		81406B011BFB416F003E97B3 /* sim-metrics-adaptive-corpus */ = {isa = PBXFileReference; lastKnownFileType = text.script.sh; path = "sim-metrics-adaptive-corpus"; sourceTree = "<group>"; };
		81406B021BFB416F003E97B3 /* sim-metrics-broadcast */ = {isa = PBXFileReference; lastKnownFileType = text.script.sh; path = "sim-metrics-broadcast"; sourceTree = "<group>"; };
		81406B031BFB416F003E97B3 /* sim-metrics-broadcast-corpus */ = {isa = PBXFileReference; lastKnownFileType = text.script.sh; path = "sim-metrics-broadcast-corpus"; sourceTree = "<group>"; };
		81406B041BFB416F003E97B3 /* sim-metrics-ddf1-corpus */ = {isa = PBXFileReference; lastKnownFileType = text.script.sh; path = "sim-metrics-ddf1-corpus"; sourceTree = "<group>"; };
		81406B051BFB416F003E97B3 /* sim-metrics-ddf2-corpus */ = {isa = PBXFileReference; lastKnownFileType = text.script.sh; path = "sim-metrics-ddf2-corpus"; sourceTree = "<group>"; };
		81406B061BFB416F003E97B3 /* sim-metrics-fixedprob */ = {isa = PBXFileReference; lastKnownFileType = text.script.sh; path = "sim-metrics-fixedprob"; sourceTree = "<group>"; };
		81406B071BFB416F003E97B3 /* sim-metrics-fixedprob-corpus */ = {isa = PBXFileReference; lastKnownFileType = text.script.sh; path = "sim-metrics-fixedprob-corpus"; sourceTree = "<group>"; };
		81406B091BFB416F003E97B3 /* sim-parameters.h */ = {isa = PBXFileReference; lastKnownFileType = sourcecode.c.h; path = "sim-parameters.h"; sourceTree = "<group>"; };
		81406B0A1BFB416F003E97B3 /* sima.c */ = {isa = PBXFileReference; lastKnownFileType = sourcecode.c.c; path = sima.c; sourceTree = "<group>"; };
		81406B0B1BFB416F003E97B3 /* sima.ini */ = {isa = PBXFileReference; lastKnownFileType = text; path = sima.ini; sourceTree = "<group>"; };
		81406B0C1BFB416F003E97B3 /* spacer.c */ = {isa = PBXFileReference; lastKnownFileType = sourcecode.c.c; path = spacer.c; sourceTree = "<group>"; };
		81406B0D1BFB416F003E97B3 /* STRUCTURE.TXT */ = {isa = PBXFileReference; lastKnownFileType = text; path = STRUCTURE.TXT; sourceTree = "<group>"; };
		81406B0E1BFB416F003E97B3 /* USAGE.TXT */ = {isa = PBXFileReference; lastKnownFileType = text; path = USAGE.TXT; sourceTree = "<group>"; };
		81406B0F1BFB416F003E97B3 /* user_event_handlers.c */ = {isa = PBXFileReference; lastKnownFileType = sourcecode.c.c; path = user_event_handlers.c; sourceTree = "<group>"; };
		81406B101BFB416F003E97B3 /* user_event_handlers.h */ = {isa = PBXFileReference; lastKnownFileType = sourcecode.c.h; path = user_event_handlers.h; sourceTree = "<group>"; };
		81406B111BFB416F003E97B3 /* utils.c */ = {isa = PBXFileReference; lastKnownFileType = sourcecode.c.c; path = utils.c; sourceTree = "<group>"; };
		81406B121BFB416F003E97B3 /* utils.h */ = {isa = PBXFileReference; lastKnownFileType = sourcecode.c.h; path = utils.h; sourceTree = "<group>"; };
		81406B131BFB416F003E97B3 /* VERSION.TXT */ = {isa = PBXFileReference; lastKnownFileType = text; path = VERSION.TXT; sourceTree = "<group>"; };
/* End PBXFileReference section */

/* Begin PBXGroup section */
		81406AC81BFB416F003E97B3 /* evaluation */ = {
			isa = PBXGroup;
			children = (
				81406AC91BFB416F003E97B3 /* graph_overhead */,
				81406ACA1BFB416F003E97B3 /* graph_overhead_coverage-adaptive.gp */,
				81406ACB1BFB416F003E97B3 /* graph_overhead_coverage.gp */,
				81406ACC1BFB416F003E97B3 /* graph_overhead_coverage_ddf1.gp */,
				81406ACD1BFB416F003E97B3 /* graph_overhead_coverage_ddf2.gp */,
				81406ACE1BFB416F003E97B3 /* graph_overhead_coverage_degree_dependent.gp */,
				81406ACF1BFB416F003E97B3 /* graph_overhead_delay-adaptive.gp */,
				81406AD01BFB416F003E97B3 /* graph_overhead_delay.gp */,
				81406AD11BFB416F003E97B3 /* graph_overhead_delay_ddf1.gp */,
				81406AD21BFB416F003E97B3 /* graph_overhead_delay_ddf2.gp */,
				81406AD31BFB416F003E97B3 /* graph_overhead_delay_degree_dependent.gp */,
				81406AD41BFB416F003E97B3 /* graph_properties */,
			);
			path = evaluation;
			sourceTree = "<group>";
		};
		81406AD51BFB416F003E97B3 /* example-corpuses */ = {
			isa = PBXGroup;
			children = (
				81406AD61BFB416F003E97B3 /* 100_nodes */,
				81406ADB1BFB416F003E97B3 /* 500_nodes-DEFAULT */,
			);
			path = "example-corpuses";
			sourceTree = "<group>";
		};
		81406AD61BFB416F003E97B3 /* 100_nodes */ = {
			isa = PBXGroup;
			children = (
				81406AD71BFB416F003E97B3 /* random_corpus-100_vertex-200_edges-diameter_8-100_graphs.tgz */,
				81406AD81BFB416F003E97B3 /* random_corpus-100_vertex-300_edges-diameter_6-100_graphs.tgz */,
				81406AD91BFB416F003E97B3 /* random_corpus-100_vertex-400_edges-diameter_5-100_graphs.tgz */,
				81406ADA1BFB416F003E97B3 /* random_corpus-100_vertex-500_edges-diameter_4-100_graphs.tgz */,
			);
			path = 100_nodes;
			sourceTree = "<group>";
		};
		81406ADB1BFB416F003E97B3 /* 500_nodes-DEFAULT */ = {
			isa = PBXGroup;
			children = (
				81406ADC1BFB416F003E97B3 /* kregular_corpus-500_vertex-1000_edges-diameter_8-10_graphs.tgz */,
				81406ADD1BFB416F003E97B3 /* kregular_corpus-500_vertex-1500_edges-diameter_6-10_graphs.tgz */,
				81406ADE1BFB416F003E97B3 /* kregular_corpus-500_vertex-2000_edges-diameter_5-10_graphs.tgz */,
				81406ADF1BFB416F003E97B3 /* random_corpus-500_vertex-1000_edges-diameter_12-10_graphs.tgz */,
				81406AE01BFB416F003E97B3 /* random_corpus-500_vertex-1500_edges-diameter_7-10_graphs.tgz */,
				81406AE11BFB416F003E97B3 /* random_corpus-500_vertex-2000_edges-diameter_6-10_graphs.tgz */,
				81406AE21BFB416F003E97B3 /* random_corpus-500_vertex-2500_edges-diameter_5-10_graphs.tgz */,
				81406AE31BFB416F003E97B3 /* scalefree_corpus-500_vertex-1494_edges-diameter_5-10_graphs.tgz */,
				81406AE41BFB416F003E97B3 /* scalefree_corpus-500_vertex-1990_edges-diameter_4-10_graphs.tgz */,
				81406AE51BFB416F003E97B3 /* scalefree_corpus-500_vertex-997_edges-diameter_7-10_graphs.tgz */,
				81406AE61BFB416F003E97B3 /* smallworld_corpus-500_vertex-1000_edges-p_0_1-diameter_13-10_graphs.tgz */,
				81406AE71BFB416F003E97B3 /* smallworld_corpus-500_vertex-1500_edges-p_0_1-diameter_9-10_graphs.tgz */,
				81406AE81BFB416F003E97B3 /* smallworld_corpus-500_vertex-2000_edges-p_0_1-diameter_7-10_graphs.tgz */,
			);
			path = "500_nodes-DEFAULT";
			sourceTree = "<group>";
		};
		816B348B1BFB403B00229BE5 = {
			isa = PBXGroup;
			children = (
				81406AC21BFB416F003E97B3 /* artis_mpi.ini */,
				81406AC31BFB416F003E97B3 /* AUTHORS.TXT */,
				81406AC41BFB416F003E97B3 /* channels.txt */,
				81406AC51BFB416F003E97B3 /* CITATION.TXT */,
				81406AC71BFB416F003E97B3 /* entity_definition.h */,
				81406AC81BFB416F003E97B3 /* evaluation */,
				81406AD51BFB416F003E97B3 /* example-corpuses */,
				81406AE91BFB416F003E97B3 /* get_coverage_next.c */,
				81406AEA1BFB416F003E97B3 /* get_coverage_script */,
				81406AEB1BFB416F003E97B3 /* get_ids_next.c */,
				81406AEC1BFB416F003E97B3 /* graphgen.c */,
				81406AED1BFB416F003E97B3 /* INSTALLATION.TXT */,
				81406AEF1BFB416F003E97B3 /* LICENSE.TXT */,
				81406AF01BFB416F003E97B3 /* lunes_constants.h */,
				81406AF11BFB416F003E97B3 /* lunes.c */,
				81406AF21BFB416F003E97B3 /* lunes.h */,
				81406AF31BFB416F003E97B3 /* make-corpus */,
				81406AF41BFB416F003E97B3 /* Makefile */,
				81406AF51BFB416F003E97B3 /* mean.awk */,
				81406AF61BFB416F003E97B3 /* mig-agents.c */,
				81406AF71BFB416F003E97B3 /* mig-agents.ini */,
				81406AF81BFB416F003E97B3 /* msg_definition.h */,
				81406AF91BFB416F003E97B3 /* Rand.seed */,
				81406AFA1BFB416F003E97B3 /* README.TXT */,
				81406AFB1BFB416F003E97B3 /* run */,
				81406AFC1BFB416F003E97B3 /* run-corpus */,
				81406AFD1BFB416F003E97B3 /* scripts_configuration.sh */,
				81406AFE1BFB416F003E97B3 /* sim-metrics-adaptive */,
				81406AFF1BFB416F003E97B3 /* sim-metrics-adaptive_sender-corpus */,
				81406B001BFB416F003E97B3 /* sim-metrics-adaptive_specific-corpus */,
				81406B011BFB416F003E97B3 /* sim-metrics-adaptive-corpus */,
				81406B021BFB416F003E97B3 /* sim-metrics-broadcast */,
				81406B031BFB416F003E97B3 /* sim-metrics-broadcast-corpus */,
				81406B041BFB416F003E97B3 /* sim-metrics-ddf1-corpus */,
				81406B051BFB416F003E97B3 /* sim-metrics-ddf2-corpus */,
				81406B061BFB416F003E97B3 /* sim-metrics-fixedprob */,
				81406B071BFB416F003E97B3 /* sim-metrics-fixedprob-corpus */,
				81406B091BFB416F003E97B3 /* sim-parameters.h */,
				81406B0A1BFB416F003E97B3 /* sima.c */,
				81406B0B1BFB416F003E97B3 /* sima.ini */,
				81406B0C1BFB416F003E97B3 /* spacer.c */,
				81406B0D1BFB416F003E97B3 /* STRUCTURE.TXT */,
				81406B0E1BFB416F003E97B3 /* USAGE.TXT */,
				81406B0F1BFB416F003E97B3 /* user_event_handlers.c */,
				81406B101BFB416F003E97B3 /* user_event_handlers.h */,
				81406B111BFB416F003E97B3 /* utils.c */,
				81406B121BFB416F003E97B3 /* utils.h */,
				81406B131BFB416F003E97B3 /* VERSION.TXT */,
			);
			sourceTree = "<group>";
		};
/* End PBXGroup section */

/* Begin PBXProject section */
		816B348C1BFB403B00229BE5 /* Project object */ = {
			isa = PBXProject;
			attributes = {
				LastUpgradeCheck = 0710;
			};
			buildConfigurationList = 816B348F1BFB403B00229BE5 /* Build configuration list for PBXProject "LUNES" */;
			compatibilityVersion = "Xcode 6.3";
			developmentRegion = English;
			hasScannedForEncodings = 0;
			knownRegions = (
				en,
			);
			mainGroup = 816B348B1BFB403B00229BE5;
			projectDirPath = "";
			projectRoot = "";
			targets = (
			);
		};
/* End PBXProject section */

/* Begin XCBuildConfiguration section */
		816B34901BFB403B00229BE5 /* Debug */ = {
			isa = XCBuildConfiguration;
			buildSettings = {
			};
			name = Debug;
		};
		816B34911BFB403B00229BE5 /* Release */ = {
			isa = XCBuildConfiguration;
			buildSettings = {
			};
			name = Release;
		};
/* End XCBuildConfiguration section */

/* Begin XCConfigurationList section */
		816B348F1BFB403B00229BE5 /* Build configuration list for PBXProject "LUNES" */ = {
			isa = XCConfigurationList;
			buildConfigurations = (
				816B34901BFB403B00229BE5 /* Debug */,
				816B34911BFB403B00229BE5 /* Release */,
			);
			defaultConfigurationIsVisible = 0;
			defaultConfigurationName = Release;
		};
/* End XCConfigurationList section */
	};
	rootObject = 816B348C1BFB403B00229BE5 /* Project object */;
}
